
Microsoft Visual Studio Solution File, Format Version 12.00
# Visual Studio Version 17
VisualStudioVersion = 17.7.34024.191
MinimumVisualStudioVersion = 10.0.40219.1
Project("{9A19103F-16F7-4668-BE54-9A1E7A4F7556}") = "Domain", "Domain\Domain.csproj", "{9A7CFE00-ACFB-4078-8E13-A7B7F8D32F9C}"
EndProject
Project("{9A19103F-16F7-4668-BE54-9A1E7A4F7556}") = "Application", "Application\Application.csproj", "{6E3F3138-2CA0-4649-A5BC-AA8CEB16982A}"
EndProject
Project("{9A19103F-16F7-4668-BE54-9A1E7A4F7556}") = "WebApi", "WebApi\WebApi.csproj", "{99AE67CC-5ECC-4A7B-9754-665983C0BC63}"
	ProjectSection(ProjectDependencies) = postProject
		{6E3F3138-2CA0-4649-A5BC-AA8CEB16982A} = {6E3F3138-2CA0-4649-A5BC-AA8CEB16982A}
		{9C0EE122-9399-4347-92A2-F908324B4156} = {9C0EE122-9399-4347-92A2-F908324B4156}
	EndProjectSection
EndProject
Project("{2150E333-8FDC-42A3-9474-1A3956D46DE8}") = "Mediator", "Mediator", "{B6BD2B9C-105D-4B3D-8994-2FEBCC161844}"
EndProject
Project("{9A19103F-16F7-4668-BE54-9A1E7A4F7556}") = "CommandHandlers", "CommandHandlers\CommandHandlers.csproj", "{866F0773-90D7-4F3C-8D1B-88F670179B77}"
	ProjectSection(ProjectDependencies) = postProject
		{9A7CFE00-ACFB-4078-8E13-A7B7F8D32F9C} = {9A7CFE00-ACFB-4078-8E13-A7B7F8D32F9C}
	EndProjectSection
EndProject
Project("{9A19103F-16F7-4668-BE54-9A1E7A4F7556}") = "QueryHandlers", "QueryHandlers\QueryHandlers.csproj", "{7CAE2D5A-688B-41E5-8E06-3AA81CB2A669}"
	ProjectSection(ProjectDependencies) = postProject
		{9A7CFE00-ACFB-4078-8E13-A7B7F8D32F9C} = {9A7CFE00-ACFB-4078-8E13-A7B7F8D32F9C}
		{9C0EE122-9399-4347-92A2-F908324B4156} = {9C0EE122-9399-4347-92A2-F908324B4156}
	EndProjectSection
EndProject
Project("{9A19103F-16F7-4668-BE54-9A1E7A4F7556}") = "Infrastructure", "Infrastructure\Infrastructure.csproj", "{9C0EE122-9399-4347-92A2-F908324B4156}"
EndProject
Global
	GlobalSection(SolutionConfigurationPlatforms) = preSolution
		Debug|Any CPU = Debug|Any CPU
		Release|Any CPU = Release|Any CPU
	EndGlobalSection
	GlobalSection(ProjectConfigurationPlatforms) = postSolution
		{9A7CFE00-ACFB-4078-8E13-A7B7F8D32F9C}.Debug|Any CPU.ActiveCfg = Debug|Any CPU
		{9A7CFE00-ACFB-4078-8E13-A7B7F8D32F9C}.Debug|Any CPU.Build.0 = Debug|Any CPU
		{9A7CFE00-ACFB-4078-8E13-A7B7F8D32F9C}.Release|Any CPU.ActiveCfg = Release|Any CPU
		{9A7CFE00-ACFB-4078-8E13-A7B7F8D32F9C}.Release|Any CPU.Build.0 = Release|Any CPU
		{6E3F3138-2CA0-4649-A5BC-AA8CEB16982A}.Debug|Any CPU.ActiveCfg = Debug|Any CPU
		{6E3F3138-2CA0-4649-A5BC-AA8CEB16982A}.Debug|Any CPU.Build.0 = Debug|Any CPU
		{6E3F3138-2CA0-4649-A5BC-AA8CEB16982A}.Release|Any CPU.ActiveCfg = Release|Any CPU
		{6E3F3138-2CA0-4649-A5BC-AA8CEB16982A}.Release|Any CPU.Build.0 = Release|Any CPU
		{99AE67CC-5ECC-4A7B-9754-665983C0BC63}.Debug|Any CPU.ActiveCfg = Debug|Any CPU
		{99AE67CC-5ECC-4A7B-9754-665983C0BC63}.Debug|Any CPU.Build.0 = Debug|Any CPU
		{99AE67CC-5ECC-4A7B-9754-665983C0BC63}.Release|Any CPU.ActiveCfg = Release|Any CPU
		{99AE67CC-5ECC-4A7B-9754-665983C0BC63}.Release|Any CPU.Build.0 = Release|Any CPU
		{866F0773-90D7-4F3C-8D1B-88F670179B77}.Debug|Any CPU.ActiveCfg = Debug|Any CPU
		{866F0773-90D7-4F3C-8D1B-88F670179B77}.Debug|Any CPU.Build.0 = Debug|Any CPU
		{866F0773-90D7-4F3C-8D1B-88F670179B77}.Release|Any CPU.ActiveCfg = Release|Any CPU
		{866F0773-90D7-4F3C-8D1B-88F670179B77}.Release|Any CPU.Build.0 = Release|Any CPU
		{7CAE2D5A-688B-41E5-8E06-3AA81CB2A669}.Debug|Any CPU.ActiveCfg = Debug|Any CPU
		{7CAE2D5A-688B-41E5-8E06-3AA81CB2A669}.Debug|Any CPU.Build.0 = Debug|Any CPU
		{7CAE2D5A-688B-41E5-8E06-3AA81CB2A669}.Release|Any CPU.ActiveCfg = Release|Any CPU
		{7CAE2D5A-688B-41E5-8E06-3AA81CB2A669}.Release|Any CPU.Build.0 = Release|Any CPU
		{9C0EE122-9399-4347-92A2-F908324B4156}.Debug|Any CPU.ActiveCfg = Debug|Any CPU
		{9C0EE122-9399-4347-92A2-F908324B4156}.Debug|Any CPU.Build.0 = Debug|Any CPU
		{9C0EE122-9399-4347-92A2-F908324B4156}.Release|Any CPU.ActiveCfg = Release|Any CPU
		{9C0EE122-9399-4347-92A2-F908324B4156}.Release|Any CPU.Build.0 = Release|Any CPU
	EndGlobalSection
	GlobalSection(SolutionProperties) = preSolution
		HideSolutionNode = FALSE
	EndGlobalSection
	GlobalSection(NestedProjects) = preSolution
		{866F0773-90D7-4F3C-8D1B-88F670179B77} = {B6BD2B9C-105D-4B3D-8994-2FEBCC161844}
		{7CAE2D5A-688B-41E5-8E06-3AA81CB2A669} = {B6BD2B9C-105D-4B3D-8994-2FEBCC161844}
	EndGlobalSection
	GlobalSection(ExtensibilityGlobals) = postSolution
		SolutionGuid = {32512EBE-20EF-491C-A30C-73D146888F1D}
	EndGlobalSection
EndGlobal
